<?xml version="1.0" encoding="utf-8"?>
<Project ToolsVersion="4.0" xmlns="http://schemas.microsoft.com/developer/msbuild/2003">
  <ItemGroup>
    <Filter Include="源文件">
      <UniqueIdentifier>{4FC737F1-C7A5-4376-A066-2A32D752A2FF}</UniqueIdentifier>
      <Extensions>cpp;c;cc;cxx;c++;cppm;ixx;def;odl;idl;hpj;bat;asm;asmx</Extensions>
    </Filter>
    <Filter Include="头文件">
      <UniqueIdentifier>{93995380-89BD-4b04-88EB-625FBE52EBFB}</UniqueIdentifier>
      <Extensions>h;hh;hpp;hxx;h++;hm;inl;inc;ipp;xsd</Extensions>
    </Filter>
    <Filter Include="资源文件">
      <UniqueIdentifier>{67DA6AB6-F800-4c08-8B7A-83BB121AAD01}</UniqueIdentifier>
      <Extensions>rc;ico;cur;bmp;dlg;rc2;rct;bin;rgs;gif;jpg;jpeg;jpe;resx;tiff;tif;png;wav;mfcribbon-ms</Extensions>
    </Filter>
  </ItemGroup>
  <ItemGroup>
    <ClCompile Include="..\Common\Camera.cpp">
      <Filter>源文件</Filter>
    </ClCompile>
    <ClCompile Include="..\Common\d3dApp.cpp">
      <Filter>源文件</Filter>
    </ClCompile>
    <ClCompile Include="..\Common\d3dUtil.cpp">
      <Filter>源文件</Filter>
    </ClCompile>
    <ClCompile Include="..\Common\DDSTextureLoader.cpp">
      <Filter>源文件</Filter>
    </ClCompile>
    <ClCompile Include="..\Common\GameTimer.cpp">
      <Filter>源文件</Filter>
    </ClCompile>
    <ClCompile Include="..\Common\GeometryGenerator.cpp">
      <Filter>源文件</Filter>
    </ClCompile>
    <ClCompile Include="..\Common\MathHelper.cpp">
      <Filter>源文件</Filter>
    </ClCompile>
    <ClCompile Include="Init Direct3D\InitDirect3DApp.cpp">
      <Filter>源文件</Filter>
    </ClCompile>
    <ClCompile Include="Box\BoxApp.cpp">
      <Filter>源文件</Filter>
    </ClCompile>
    <ClCompile Include="Shapes\ShapesApp.cpp">
      <Filter>源文件</Filter>
    </ClCompile>
    <ClCompile Include="LandAndWaves\FrameResource.cpp">
      <Filter>源文件</Filter>
    </ClCompile>
    <ClCompile Include="LandAndWaves\LandAndWavesApp.cpp">
      <Filter>源文件</Filter>
    </ClCompile>
    <ClCompile Include="LandAndWaves\Waves.cpp">
      <Filter>源文件</Filter>
    </ClCompile>
    <ClCompile Include="Shapes\FrameResource1.cpp">
      <Filter>源文件</Filter>
    </ClCompile>
    <ClCompile Include="LitWaves\FrameResourceWaves.cpp">
      <Filter>源文件</Filter>
    </ClCompile>
    <ClCompile Include="LitWaves\LitWaves.cpp">
      <Filter>源文件</Filter>
    </ClCompile>
    <ClCompile Include="LitWaves\LitWavesApp.cpp">
      <Filter>源文件</Filter>
    </ClCompile>
    <ClCompile Include="LitColumns\LitColumnsApp.cpp">
      <Filter>源文件</Filter>
    </ClCompile>
    <ClCompile Include="LitColumns\FrameResourceLitColumns.cpp">
      <Filter>源文件</Filter>
    </ClCompile>
    <ClCompile Include="Chapter 9 Texturing\Crate\CrateApp.cpp">
      <Filter>源文件</Filter>
    </ClCompile>
    <ClCompile Include="Chapter 9 Texturing\Crate\CrateFrameResource.cpp">
      <Filter>源文件</Filter>
    </ClCompile>
    <ClCompile Include="Chapter 9 Texturing\TexColumns\TexColumnsFrameResource.cpp">
      <Filter>源文件</Filter>
    </ClCompile>
    <ClCompile Include="Chapter 9 Texturing\TexColumns\TexColumnsApp.cpp">
      <Filter>源文件</Filter>
    </ClCompile>
    <ClCompile Include="Chapter 9 Texturing\TexWaves\TexWavesFrameResource.cpp">
      <Filter>源文件</Filter>
    </ClCompile>
    <ClCompile Include="Chapter 9 Texturing\TexWaves\TexWavesApp.cpp">
      <Filter>源文件</Filter>
    </ClCompile>
    <ClCompile Include="Chapter 9 Texturing\TexWaves\TexWaves.cpp">
      <Filter>源文件</Filter>
    </ClCompile>
    <ClCompile Include="Chapter 10 Blending\BlendDemo\BlendApp.cpp">
      <Filter>源文件</Filter>
    </ClCompile>
    <ClCompile Include="Chapter 10 Blending\BlendDemo\BlendFrameResource.cpp">
      <Filter>源文件</Filter>
    </ClCompile>
    <ClCompile Include="Chapter 10 Blending\BlendDemo\BlendWaves.cpp">
      <Filter>源文件</Filter>
    </ClCompile>
    <ClCompile Include="Chapter 11 Stenciling\StencilDemo\StencilFrameResource.cpp">
      <Filter>源文件</Filter>
    </ClCompile>
    <ClCompile Include="Chapter 11 Stenciling\StencilDemo\StencilApp.cpp">
      <Filter>源文件</Filter>
    </ClCompile>
    <ClCompile Include="Chapter 12 The Geometry Shader\TreeBillboards\TGSFrameResource.cpp">
      <Filter>源文件</Filter>
    </ClCompile>
    <ClCompile Include="Chapter 12 The Geometry Shader\TreeBillboards\TreeBillboardsApp.cpp">
      <Filter>源文件</Filter>
    </ClCompile>
    <ClCompile Include="Chapter 12 The Geometry Shader\TreeBillboards\TGSWaves.cpp">
      <Filter>源文件</Filter>
    </ClCompile>
    <ClCompile Include="Chapter 13 The Compute Shader\Blur\BlurApp.cpp">
      <Filter>源文件</Filter>
    </ClCompile>
    <ClCompile Include="Chapter 13 The Compute Shader\Blur\BlurFilter.cpp">
      <Filter>源文件</Filter>
    </ClCompile>
    <ClCompile Include="Chapter 13 The Compute Shader\Blur\BlurFrameResource.cpp">
      <Filter>源文件</Filter>
    </ClCompile>
    <ClCompile Include="Chapter 13 The Compute Shader\Blur\BlurWaves.cpp">
      <Filter>源文件</Filter>
    </ClCompile>
    <ClCompile Include="Chapter 13 The Compute Shader\SobelFilter\SobelFrameResource.cpp">
      <Filter>源文件</Filter>
    </ClCompile>
    <ClCompile Include="Chapter 13 The Compute Shader\SobelFilter\GpuWaves.cpp">
      <Filter>源文件</Filter>
    </ClCompile>
    <ClCompile Include="Chapter 13 The Compute Shader\SobelFilter\RenderTarget.cpp">
      <Filter>源文件</Filter>
    </ClCompile>
    <ClCompile Include="Chapter 13 The Compute Shader\SobelFilter\SobelApp.cpp">
      <Filter>源文件</Filter>
    </ClCompile>
    <ClCompile Include="Chapter 13 The Compute Shader\SobelFilter\SobelFilter.cpp">
      <Filter>源文件</Filter>
    </ClCompile>
    <ClCompile Include="Chapter 13 The Compute Shader\VecAdd\VecAddFrameResource.cpp">
      <Filter>源文件</Filter>
    </ClCompile>
    <ClCompile Include="Chapter 13 The Compute Shader\VecAdd\VecAddCSApp.cpp">
      <Filter>源文件</Filter>
    </ClCompile>
    <ClCompile Include="Chapter 13 The Compute Shader\WavesCS\WavesCSFrameResource.cpp">
      <Filter>源文件</Filter>
    </ClCompile>
    <ClCompile Include="Chapter 13 The Compute Shader\WavesCS\GpuWavesCS.cpp">
      <Filter>源文件</Filter>
    </ClCompile>
    <ClCompile Include="Chapter 13 The Compute Shader\WavesCS\WavesCSApp.cpp">
      <Filter>源文件</Filter>
    </ClCompile>
    <ClCompile Include="Chapter 14 The Tessellation Stages\BasicTessellation\BasicTessellationApp.cpp">
      <Filter>源文件</Filter>
    </ClCompile>
    <ClCompile Include="Chapter 14 The Tessellation Stages\BasicTessellation\BTFrameResource.cpp">
      <Filter>源文件</Filter>
    </ClCompile>
    <ClCompile Include="Chapter 14 The Tessellation Stages\BezierPatch\BezierPatchApp.cpp">
      <Filter>源文件</Filter>
    </ClCompile>
    <ClCompile Include="Chapter 14 The Tessellation Stages\BezierPatch\BPFrameResource.cpp">
      <Filter>源文件</Filter>
    </ClCompile>
    <ClCompile Include="Chapter 15 First Person Camera and Dynamic Indexing\CameraAndDynamicIndexing\CameraAndDynamicIndexingApp.cpp">
      <Filter>源文件</Filter>
    </ClCompile>
    <ClCompile Include="Chapter 15 First Person Camera and Dynamic Indexing\CameraAndDynamicIndexing\CADIFrameResource.cpp">
      <Filter>源文件</Filter>
    </ClCompile>
    <ClCompile Include="Chapter 16 Instancing and Frustum Culling\InstancingAndCulling\IACFrameResource.cpp">
      <Filter>源文件</Filter>
    </ClCompile>
    <ClCompile Include="Chapter 16 Instancing and Frustum Culling\InstancingAndCulling\InstancingAndCullingApp.cpp">
      <Filter>源文件</Filter>
    </ClCompile>
    <ClCompile Include="Chapter 17 Picking\Picking\PickingFrameResource.cpp">
      <Filter>源文件</Filter>
    </ClCompile>
    <ClCompile Include="Chapter 17 Picking\Picking\PickingApp.cpp">
      <Filter>源文件</Filter>
    </ClCompile>
    <ClCompile Include="Chapter 18 Cube Mapping\CubeMap\CubeMapApp.cpp">
      <Filter>源文件</Filter>
    </ClCompile>
    <ClCompile Include="Chapter 18 Cube Mapping\CubeMap\CMFrameResource.cpp">
      <Filter>源文件</Filter>
    </ClCompile>
    <ClCompile Include="Chapter 18 Cube Mapping\DynamicCube\CubeRenderTarget.cpp">
      <Filter>源文件</Filter>
    </ClCompile>
    <ClCompile Include="Chapter 18 Cube Mapping\DynamicCube\DynamicCubeMapApp.cpp">
      <Filter>源文件</Filter>
    </ClCompile>
    <ClCompile Include="Chapter 18 Cube Mapping\DynamicCube\DCFrameResource.cpp">
      <Filter>源文件</Filter>
    </ClCompile>
  </ItemGroup>
  <ItemGroup>
    <ClInclude Include="..\Common\Camera.h">
      <Filter>头文件</Filter>
    </ClInclude>
    <ClInclude Include="..\Common\d3dApp.h">
      <Filter>头文件</Filter>
    </ClInclude>
    <ClInclude Include="..\Common\d3dUtil.h">
      <Filter>头文件</Filter>
    </ClInclude>
    <ClInclude Include="..\Common\d3dx12.h">
      <Filter>头文件</Filter>
    </ClInclude>
    <ClInclude Include="..\Common\DDSTextureLoader.h">
      <Filter>头文件</Filter>
    </ClInclude>
    <ClInclude Include="..\Common\GameTimer.h">
      <Filter>头文件</Filter>
    </ClInclude>
    <ClInclude Include="..\Common\GeometryGenerator.h">
      <Filter>头文件</Filter>
    </ClInclude>
    <ClInclude Include="..\Common\MathHelper.h">
      <Filter>头文件</Filter>
    </ClInclude>
    <ClInclude Include="..\Common\UploadBuffer.h">
      <Filter>头文件</Filter>
    </ClInclude>
    <ClInclude Include="LandAndWaves\Waves.h">
      <Filter>头文件</Filter>
    </ClInclude>
    <ClInclude Include="LandAndWaves\FrameResource.h">
      <Filter>头文件</Filter>
    </ClInclude>
    <ClInclude Include="Shapes\FrameResource1.h">
      <Filter>头文件</Filter>
    </ClInclude>
    <ClInclude Include="LitWaves\FrameResourceWaves.h">
      <Filter>头文件</Filter>
    </ClInclude>
    <ClInclude Include="LitWaves\LitWaves.h">
      <Filter>头文件</Filter>
    </ClInclude>
    <ClInclude Include="LitColumns\FrameResourceLitColumns.h">
      <Filter>头文件</Filter>
    </ClInclude>
    <ClInclude Include="Chapter 9 Texturing\Crate\CrateFrameResource.h">
      <Filter>头文件</Filter>
    </ClInclude>
    <ClInclude Include="Chapter 9 Texturing\TexColumns\TexColumnsFrameResource.h">
      <Filter>头文件</Filter>
    </ClInclude>
    <ClInclude Include="Chapter 9 Texturing\TexWaves\TexWavesFrameResource.h">
      <Filter>头文件</Filter>
    </ClInclude>
    <ClInclude Include="Chapter 9 Texturing\TexWaves\TexWaves.h">
      <Filter>头文件</Filter>
    </ClInclude>
    <ClInclude Include="Chapter 10 Blending\BlendDemo\BlendFrameResource.h">
      <Filter>头文件</Filter>
    </ClInclude>
    <ClInclude Include="Chapter 10 Blending\BlendDemo\BlendWaves.h">
      <Filter>头文件</Filter>
    </ClInclude>
    <ClInclude Include="Chapter 11 Stenciling\StencilDemo\StencilFrameResource.h">
      <Filter>头文件</Filter>
    </ClInclude>
    <ClInclude Include="Chapter 12 The Geometry Shader\TreeBillboards\TGSFrameResource.h">
      <Filter>头文件</Filter>
    </ClInclude>
    <ClInclude Include="Chapter 12 The Geometry Shader\TreeBillboards\TGSWaves.h">
      <Filter>头文件</Filter>
    </ClInclude>
    <ClInclude Include="Chapter 13 The Compute Shader\Blur\BlurFilter.h">
      <Filter>头文件</Filter>
    </ClInclude>
    <ClInclude Include="Chapter 13 The Compute Shader\Blur\BlurFrameResource.h">
      <Filter>头文件</Filter>
    </ClInclude>
    <ClInclude Include="Chapter 13 The Compute Shader\Blur\BlurWaves.h">
      <Filter>头文件</Filter>
    </ClInclude>
    <ClInclude Include="Chapter 13 The Compute Shader\SobelFilter\SobelFrameResource.h">
      <Filter>头文件</Filter>
    </ClInclude>
    <ClInclude Include="Chapter 13 The Compute Shader\SobelFilter\GpuWaves.h">
      <Filter>头文件</Filter>
    </ClInclude>
    <ClInclude Include="Chapter 13 The Compute Shader\SobelFilter\RenderTarget.h">
      <Filter>头文件</Filter>
    </ClInclude>
    <ClInclude Include="Chapter 13 The Compute Shader\SobelFilter\SobelFilter.h">
      <Filter>头文件</Filter>
    </ClInclude>
    <ClInclude Include="Chapter 13 The Compute Shader\VecAdd\VecAddFrameResource.h">
      <Filter>头文件</Filter>
    </ClInclude>
    <ClInclude Include="Chapter 13 The Compute Shader\WavesCS\WavesCSFrameResource.h">
      <Filter>头文件</Filter>
    </ClInclude>
    <ClInclude Include="Chapter 13 The Compute Shader\WavesCS\GpuWavesCS.h">
      <Filter>头文件</Filter>
    </ClInclude>
    <ClInclude Include="Chapter 14 The Tessellation Stages\BasicTessellation\BTFrameResource.h">
      <Filter>头文件</Filter>
    </ClInclude>
    <ClInclude Include="Chapter 14 The Tessellation Stages\BezierPatch\BPFrameResource.h">
      <Filter>头文件</Filter>
    </ClInclude>
    <ClInclude Include="Chapter 15 First Person Camera and Dynamic Indexing\CameraAndDynamicIndexing\CADIFrameResource.h">
      <Filter>头文件</Filter>
    </ClInclude>
    <ClInclude Include="Chapter 16 Instancing and Frustum Culling\InstancingAndCulling\IACFrameResource.h">
      <Filter>头文件</Filter>
    </ClInclude>
    <ClInclude Include="Chapter 17 Picking\Picking\PickingFrameResource.h">
      <Filter>头文件</Filter>
    </ClInclude>
    <ClInclude Include="Chapter 18 Cube Mapping\CubeMap\CMFrameResource.h">
      <Filter>头文件</Filter>
    </ClInclude>
    <ClInclude Include="Chapter 18 Cube Mapping\DynamicCube\DCFrameResource.h">
      <Filter>头文件</Filter>
    </ClInclude>
    <ClInclude Include="Chapter 18 Cube Mapping\DynamicCube\CubeRenderTarget.h">
      <Filter>头文件</Filter>
    </ClInclude>
  </ItemGroup>
  <ItemGroup>
    <None Include="Box\Shaders\color_ps.cso" />
    <None Include="Box\Shaders\color_vs.cso" />
    <None Include="Box\Shaders\color.hlsl" />
    <None Include="LandAndWaves\Shaders\color.hlsl" />
    <None Include="Shapes\Shaders\color.hlsl" />
    <None Include="LitWaves\Shaders\LightingUtil.hlsl" />
    <None Include="LitWaves\Shaders\Default.hlsl" />
    <None Include="LitColumns\Shaders\LightingUtil.hlsl" />
    <None Include="LitColumns\Shaders\Default.hlsl" />
    <None Include="Chapter 9 Texturing\Crate\Shaders\Default.hlsl" />
    <None Include="Chapter 9 Texturing\Crate\Shaders\LightingUtil.hlsl" />
    <None Include="Chapter 9 Texturing\TexColumns\Shaders\Default.hlsl" />
    <None Include="Chapter 9 Texturing\TexColumns\Shaders\LightingUtil.hlsl" />
    <None Include="Chapter 9 Texturing\TexWaves\Shaders\Default.hlsl" />
    <None Include="Chapter 9 Texturing\TexWaves\Shaders\LightingUtil.hlsl" />
    <None Include="Chapter 10 Blending\BlendDemo\Shaders\Default.hlsl" />
    <None Include="Chapter 10 Blending\BlendDemo\Shaders\LightingUtil.hlsl" />
    <None Include="Chapter 11 Stenciling\StencilDemo\Shaders\Default.hlsl" />
    <None Include="Chapter 11 Stenciling\StencilDemo\Shaders\LightingUtil.hlsl" />
    <None Include="Chapter 12 The Geometry Shader\TreeBillboards\Shaders\Default.hlsl" />
    <None Include="Chapter 12 The Geometry Shader\TreeBillboards\Shaders\LightingUtil.hlsl" />
    <None Include="Chapter 12 The Geometry Shader\TreeBillboards\Shaders\TreeSprite.hlsl" />
    <None Include="Chapter 13 The Compute Shader\Blur\Shaders\Blur.hlsl" />
    <None Include="Chapter 13 The Compute Shader\Blur\Shaders\Default.hlsl" />
    <None Include="Chapter 13 The Compute Shader\Blur\Shaders\LightingUtil.hlsl" />
    <None Include="Chapter 13 The Compute Shader\SobelFilter\Shaders\Blur.hlsl" />
    <None Include="Chapter 13 The Compute Shader\SobelFilter\Shaders\Composite.hlsl" />
    <None Include="Chapter 13 The Compute Shader\SobelFilter\Shaders\Default.hlsl" />
    <None Include="Chapter 13 The Compute Shader\SobelFilter\Shaders\LightingUtil.hlsl" />
    <None Include="Chapter 13 The Compute Shader\SobelFilter\Shaders\Sobel.hlsl" />
    <None Include="Chapter 13 The Compute Shader\SobelFilter\Shaders\WaveSim.hlsl" />
    <None Include="Chapter 13 The Compute Shader\VecAdd\Shaders\VecAdd.hlsl" />
    <None Include="Chapter 13 The Compute Shader\WavesCS\Shaders\WaveSim.hlsl" />
    <None Include="Chapter 13 The Compute Shader\WavesCS\Shaders\LightingUtil.hlsl" />
    <None Include="Chapter 13 The Compute Shader\WavesCS\Shaders\Default.hlsl" />
    <None Include="Chapter 14 The Tessellation Stages\BasicTessellation\Shaders\Default.hlsl" />
    <None Include="Chapter 14 The Tessellation Stages\BasicTessellation\Shaders\LightingUtil.hlsl" />
    <None Include="Chapter 14 The Tessellation Stages\BasicTessellation\Shaders\Tessellation.hlsl" />
    <None Include="Chapter 14 The Tessellation Stages\BezierPatch\Shaders\BezierTessellation.hlsl" />
    <None Include="Chapter 14 The Tessellation Stages\BezierPatch\Shaders\Default.hlsl" />
    <None Include="Chapter 14 The Tessellation Stages\BezierPatch\Shaders\LightingUtil.hlsl" />
    <None Include="Chapter 15 First Person Camera and Dynamic Indexing\CameraAndDynamicIndexing\Shaders\Default.hlsl" />
    <None Include="Chapter 15 First Person Camera and Dynamic Indexing\CameraAndDynamicIndexing\Shaders\LightingUtil.hlsl" />
    <None Include="Chapter 16 Instancing and Frustum Culling\InstancingAndCulling\Shaders\Default.hlsl" />
    <None Include="Chapter 16 Instancing and Frustum Culling\InstancingAndCulling\Shaders\LightingUtil.hlsl" />
    <None Include="Chapter 18 Cube Mapping\CubeMap\Shaders\Common.hlsl" />
    <None Include="Chapter 18 Cube Mapping\CubeMap\Shaders\Default.hlsl" />
    <None Include="Chapter 18 Cube Mapping\CubeMap\Shaders\LightingUtil.hlsl" />
    <None Include="Chapter 18 Cube Mapping\CubeMap\Shaders\Sky.hlsl" />
    <None Include="Chapter 18 Cube Mapping\DynamicCube\Shaders\Common.hlsl" />
    <None Include="Chapter 18 Cube Mapping\DynamicCube\Shaders\Default.hlsl" />
    <None Include="Chapter 18 Cube Mapping\DynamicCube\Shaders\LightingUtil.hlsl" />
    <None Include="Chapter 18 Cube Mapping\DynamicCube\Shaders\Sky.hlsl" />
  </ItemGroup>
  <ItemGroup>
    <Text Include="LitColumns\Models\skull.txt" />
    <Text Include="LitColumns\Models\car.txt" />
    <Text Include="Chapter 11 Stenciling\StencilDemo\Models\car.txt" />
    <Text Include="Chapter 11 Stenciling\StencilDemo\Models\skull.txt" />
    <Text Include="Chapter 13 The Compute Shader\VecAdd\results.txt" />
    <Text Include="Chapter 16 Instancing and Frustum Culling\InstancingAndCulling\Models\car.txt" />
    <Text Include="Chapter 16 Instancing and Frustum Culling\InstancingAndCulling\Models\skull.txt" />
    <Text Include="Chapter 17 Picking\Picking\Models\car.txt" />
    <Text Include="Chapter 17 Picking\Picking\Models\skull.txt" />
    <Text Include="Chapter 18 Cube Mapping\CubeMap\Models\car.txt" />
    <Text Include="Chapter 18 Cube Mapping\CubeMap\Models\skull.txt" />
    <Text Include="Chapter 18 Cube Mapping\DynamicCube\Models\car.txt" />
    <Text Include="Chapter 18 Cube Mapping\DynamicCube\Models\skull.txt" />
  </ItemGroup>
</Project>